
Microsoft Visual Studio Solution File, Format Version 12.00
# Visual Studio 15
VisualStudioVersion = 15.0.28307.902
MinimumVisualStudioVersion = 10.0.40219.1
Project("{FAE04EC0-301F-11D3-BF4B-00C04F79EFBC}") = "EcoLab.Android", "EcoLab\EcoLab.Android\EcoLab.Android.csproj", "{F105BC07-E6A9-4A75-BFB7-814A919A8287}"
EndProject
Project("{FAE04EC0-301F-11D3-BF4B-00C04F79EFBC}") = "EcoLab", "EcoLab\EcoLab\EcoLab.csproj", "{630B744A-18AF-4D94-8169-9B45B83632B7}"
EndProject
Global
	GlobalSection(SolutionConfigurationPlatforms) = preSolution
		Debug|Any CPU = Debug|Any CPU
		Release|Any CPU = Release|Any CPU
	EndGlobalSection
	GlobalSection(ProjectConfigurationPlatforms) = postSolution
		{F105BC07-E6A9-4A75-BFB7-814A919A8287}.Debug|Any CPU.ActiveCfg = Debug|Any CPU
		{F105BC07-E6A9-4A75-BFB7-814A919A8287}.Debug|Any CPU.Build.0 = Debug|Any CPU
		{F105BC07-E6A9-4A75-BFB7-814A919A8287}.Debug|Any CPU.Deploy.0 = Debug|Any CPU
		{F105BC07-E6A9-4A75-BFB7-814A919A8287}.Release|Any CPU.ActiveCfg = Release|Any CPU
		{F105BC07-E6A9-4A75-BFB7-814A919A8287}.Release|Any CPU.Build.0 = Release|Any CPU
		{F105BC07-E6A9-4A75-BFB7-814A919A8287}.Release|Any CPU.Deploy.0 = Release|Any CPU
		{630B744A-18AF-4D94-8169-9B45B83632B7}.Debug|Any CPU.ActiveCfg = Debug|Any CPU
		{630B744A-18AF-4D94-8169-9B45B83632B7}.Debug|Any CPU.Build.0 = Debug|Any CPU
		{630B744A-18AF-4D94-8169-9B45B83632B7}.Debug|Any CPU.Deploy.0 = Debug|Any CPU
		{630B744A-18AF-4D94-8169-9B45B83632B7}.Release|Any CPU.ActiveCfg = Release|Any CPU
		{630B744A-18AF-4D94-8169-9B45B83632B7}.Release|Any CPU.Build.0 = Release|Any CPU
		{630B744A-18AF-4D94-8169-9B45B83632B7}.Release|Any CPU.Deploy.0 = Release|Any CPU
	EndGlobalSection
	GlobalSection(SolutionProperties) = preSolution
		HideSolutionNode = FALSE
	EndGlobalSection
	GlobalSection(ExtensibilityGlobals) = postSolution
		SolutionGuid = {FE304423-27D5-4CAA-AAB7-9DBA369190D5}
	EndGlobalSection
EndGlobal
